// !$*UTF8*$!
{
	archiveVersion = 1;
	classes = {
	};
	objectVersion = 46;
	objects = {

/* Begin PBXBuildFile section */
		EE98D26C1EBA49F700D0247A /* main.m in Sources */ = {isa = PBXBuildFile; fileRef = EE98D26B1EBA49F700D0247A /* main.m */; };
		EE98D26F1EBA49F700D0247A /* AppDelegate.m in Sources */ = {isa = PBXBuildFile; fileRef = EE98D26E1EBA49F700D0247A /* AppDelegate.m */; };
		EE98D2721EBA49F700D0247A /* ViewController.m in Sources */ = {isa = PBXBuildFile; fileRef = EE98D2711EBA49F700D0247A /* ViewController.m */; };
		EE98D2751EBA49F700D0247A /* Main.storyboard in Resources */ = {isa = PBXBuildFile; fileRef = EE98D2731EBA49F700D0247A /* Main.storyboard */; };
		EE98D2771EBA49F700D0247A /* Assets.xcassets in Resources */ = {isa = PBXBuildFile; fileRef = EE98D2761EBA49F700D0247A /* Assets.xcassets */; };
		EE98D27A1EBA49F700D0247A /* LaunchScreen.storyboard in Resources */ = {isa = PBXBuildFile; fileRef = EE98D2781EBA49F700D0247A /* LaunchScreen.storyboard */; };
		EE98D2851EBA49F700D0247A /* OpenCVTests.m in Sources */ = {isa = PBXBuildFile; fileRef = EE98D2841EBA49F700D0247A /* OpenCVTests.m */; };
		EE98D2901EBA49F700D0247A /* OpenCVUITests.m in Sources */ = {isa = PBXBuildFile; fileRef = EE98D28F1EBA49F700D0247A /* OpenCVUITests.m */; };
/* End PBXBuildFile section */

/* Begin PBXContainerItemProxy section */
		EE98D2811EBA49F700D0247A /* PBXContainerItemProxy */ = {
			isa = PBXContainerItemProxy;
			containerPortal = EE98D25F1EBA49F700D0247A /* Project object */;
			proxyType = 1;
			remoteGlobalIDString = EE98D2661EBA49F700D0247A;
			remoteInfo = OpenCV;
		};
		EE98D28C1EBA49F700D0247A /* PBXContainerItemProxy */ = {
			isa = PBXContainerItemProxy;
			containerPortal = EE98D25F1EBA49F700D0247A /* Project object */;
			proxyType = 1;
			remoteGlobalIDString = EE98D2661EBA49F700D0247A;
			remoteInfo = OpenCV;
		};
/* End PBXContainerItemProxy section */

/* Begin PBXFileReference section */
		EE98D2671EBA49F700D0247A /* OpenCV.app */ = {isa = PBXFileReference; explicitFileType = wrapper.application; includeInIndex = 0; path = OpenCV.app; sourceTree = BUILT_PRODUCTS_DIR; };
		EE98D26B1EBA49F700D0247A /* main.m */ = {isa = PBXFileReference; lastKnownFileType = sourcecode.c.objc; path = main.m; sourceTree = "<group>"; };
		EE98D26D1EBA49F700D0247A /* AppDelegate.h */ = {isa = PBXFileReference; lastKnownFileType = sourcecode.c.h; path = AppDelegate.h; sourceTree = "<group>"; };
		EE98D26E1EBA49F700D0247A /* AppDelegate.m */ = {isa = PBXFileReference; lastKnownFileType = sourcecode.c.objc; path = AppDelegate.m; sourceTree = "<group>"; };
		EE98D2701EBA49F700D0247A /* ViewController.h */ = {isa = PBXFileReference; lastKnownFileType = sourcecode.c.h; path = ViewController.h; sourceTree = "<group>"; };
		EE98D2711EBA49F700D0247A /* ViewController.m */ = {isa = PBXFileReference; lastKnownFileType = sourcecode.c.objc; path = ViewController.m; sourceTree = "<group>"; };
		EE98D2741EBA49F700D0247A /* Base */ = {isa = PBXFileReference; lastKnownFileType = file.storyboard; name = Base; path = Base.lproj/Main.storyboard; sourceTree = "<group>"; };
		EE98D2761EBA49F700D0247A /* Assets.xcassets */ = {isa = PBXFileReference; lastKnownFileType = folder.assetcatalog; path = Assets.xcassets; sourceTree = "<group>"; };
		EE98D2791EBA49F700D0247A /* Base */ = {isa = PBXFileReference; lastKnownFileType = file.storyboard; name = Base; path = Base.lproj/LaunchScreen.storyboard; sourceTree = "<group>"; };
		EE98D27B1EBA49F700D0247A /* Info.plist */ = {isa = PBXFileReference; lastKnownFileType = text.plist.xml; path = Info.plist; sourceTree = "<group>"; };
		EE98D2801EBA49F700D0247A /* OpenCVTests.xctest */ = {isa = PBXFileReference; explicitFileType = wrapper.cfbundle; includeInIndex = 0; path = OpenCVTests.xctest; sourceTree = BUILT_PRODUCTS_DIR; };
		EE98D2841EBA49F700D0247A /* OpenCVTests.m */ = {isa = PBXFileReference; lastKnownFileType = sourcecode.c.objc; path = OpenCVTests.m; sourceTree = "<group>"; };
		EE98D2861EBA49F700D0247A /* Info.plist */ = {isa = PBXFileReference; lastKnownFileType = text.plist.xml; path = Info.plist; sourceTree = "<group>"; };
		EE98D28B1EBA49F700D0247A /* OpenCVUITests.xctest */ = {isa = PBXFileReference; explicitFileType = wrapper.cfbundle; includeInIndex = 0; path = OpenCVUITests.xctest; sourceTree = BUILT_PRODUCTS_DIR; };
		EE98D28F1EBA49F700D0247A /* OpenCVUITests.m */ = {isa = PBXFileReference; lastKnownFileType = sourcecode.c.objc; path = OpenCVUITests.m; sourceTree = "<group>"; };
		EE98D2911EBA49F700D0247A /* Info.plist */ = {isa = PBXFileReference; lastKnownFileType = text.plist.xml; path = Info.plist; sourceTree = "<group>"; };
/* End PBXFileReference section */

/* Begin PBXFrameworksBuildPhase section */
		EE98D2641EBA49F700D0247A /* Frameworks */ = {
			isa = PBXFrameworksBuildPhase;
			buildActionMask = 2147483647;
			files = (
			);
			runOnlyForDeploymentPostprocessing = 0;
		};
		EE98D27D1EBA49F700D0247A /* Frameworks */ = {
			isa = PBXFrameworksBuildPhase;
			buildActionMask = 2147483647;
			files = (
			);
			runOnlyForDeploymentPostprocessing = 0;
		};
		EE98D2881EBA49F700D0247A /* Frameworks */ = {
			isa = PBXFrameworksBuildPhase;
			buildActionMask = 2147483647;
			files = (
			);
			runOnlyForDeploymentPostprocessing = 0;
		};
/* End PBXFrameworksBuildPhase section */

/* Begin PBXGroup section */
		EE98D25E1EBA49F700D0247A = {
			isa = PBXGroup;
			children = (
				EE98D2691EBA49F700D0247A /* OpenCV */,
				EE98D2831EBA49F700D0247A /* OpenCVTests */,
				EE98D28E1EBA49F700D0247A /* OpenCVUITests */,
				EE98D2681EBA49F700D0247A /* Products */,
			);
			sourceTree = "<group>";
		};
		EE98D2681EBA49F700D0247A /* Products */ = {
			isa = PBXGroup;
			children = (
				EE98D2671EBA49F700D0247A /* OpenCV.app */,
				EE98D2801EBA49F700D0247A /* OpenCVTests.xctest */,
				EE98D28B1EBA49F700D0247A /* OpenCVUITests.xctest */,
			);
			name = Products;
			sourceTree = "<group>";
		};
		EE98D2691EBA49F700D0247A /* OpenCV */ = {
			isa = PBXGroup;
			children = (
				EE98D26D1EBA49F700D0247A /* AppDelegate.h */,
				EE98D26E1EBA49F700D0247A /* AppDelegate.m */,
				EE98D2701EBA49F700D0247A /* ViewController.h */,
				EE98D2711EBA49F700D0247A /* ViewController.m */,
				EE98D2731EBA49F700D0247A /* Main.storyboard */,
				EE98D2761EBA49F700D0247A /* Assets.xcassets */,
				EE98D2781EBA49F700D0247A /* LaunchScreen.storyboard */,
				EE98D27B1EBA49F700D0247A /* Info.plist */,
				EE98D26A1EBA49F700D0247A /* Supporting Files */,
			);
			path = OpenCV;
			sourceTree = "<group>";
		};
		EE98D26A1EBA49F700D0247A /* Supporting Files */ = {
			isa = PBXGroup;
			children = (
				EE98D26B1EBA49F700D0247A /* main.m */,
			);
			name = "Supporting Files";
			sourceTree = "<group>";
		};
		EE98D2831EBA49F700D0247A /* OpenCVTests */ = {
			isa = PBXGroup;
			children = (
				EE98D2841EBA49F700D0247A /* OpenCVTests.m */,
				EE98D2861EBA49F700D0247A /* Info.plist */,
			);
			path = OpenCVTests;
			sourceTree = "<group>";
		};
		EE98D28E1EBA49F700D0247A /* OpenCVUITests */ = {
			isa = PBXGroup;
			children = (
				EE98D28F1EBA49F700D0247A /* OpenCVUITests.m */,
				EE98D2911EBA49F700D0247A /* Info.plist */,
			);
			path = OpenCVUITests;
			sourceTree = "<group>";
		};
/* End PBXGroup section */

/* Begin PBXNativeTarget section */
		EE98D2661EBA49F700D0247A /* OpenCV */ = {
			isa = PBXNativeTarget;
			buildConfigurationList = EE98D2941EBA49F700D0247A /* Build configuration list for PBXNativeTarget "OpenCV" */;
			buildPhases = (
				EE98D2631EBA49F700D0247A /* Sources */,
				EE98D2641EBA49F700D0247A /* Frameworks */,
				EE98D2651EBA49F700D0247A /* Resources */,
			);
			buildRules = (
			);
			dependencies = (
			);
			name = OpenCV;
			productName = OpenCV;
			productReference = EE98D2671EBA49F700D0247A /* OpenCV.app */;
			productType = "com.apple.product-type.application";
		};
		EE98D27F1EBA49F700D0247A /* OpenCVTests */ = {
			isa = PBXNativeTarget;
			buildConfigurationList = EE98D2971EBA49F700D0247A /* Build configuration list for PBXNativeTarget "OpenCVTests" */;
			buildPhases = (
				EE98D27C1EBA49F700D0247A /* Sources */,
				EE98D27D1EBA49F700D0247A /* Frameworks */,
				EE98D27E1EBA49F700D0247A /* Resources */,
			);
			buildRules = (
			);
			dependencies = (
				EE98D2821EBA49F700D0247A /* PBXTargetDependency */,
			);
			name = OpenCVTests;
			productName = OpenCVTests;
			productReference = EE98D2801EBA49F700D0247A /* OpenCVTests.xctest */;
			productType = "com.apple.product-type.bundle.unit-test";
		};
		EE98D28A1EBA49F700D0247A /* OpenCVUITests */ = {
			isa = PBXNativeTarget;
			buildConfigurationList = EE98D29A1EBA49F700D0247A /* Build configuration list for PBXNativeTarget "OpenCVUITests" */;
			buildPhases = (
				EE98D2871EBA49F700D0247A /* Sources */,
				EE98D2881EBA49F700D0247A /* Frameworks */,
				EE98D2891EBA49F700D0247A /* Resources */,
			);
			buildRules = (
			);
			dependencies = (
				EE98D28D1EBA49F700D0247A /* PBXTargetDependency */,
			);
			name = OpenCVUITests;
			productName = OpenCVUITests;
			productReference = EE98D28B1EBA49F700D0247A /* OpenCVUITests.xctest */;
			productType = "com.apple.product-type.bundle.ui-testing";
		};
/* End PBXNativeTarget section */

/* Begin PBXProject section */
		EE98D25F1EBA49F700D0247A /* Project object */ = {
			isa = PBXProject;
			attributes = {
				LastUpgradeCheck = 0830;
				ORGANIZATIONNAME = jiang;
				TargetAttributes = {
					EE98D2661EBA49F700D0247A = {
						CreatedOnToolsVersion = 8.3.1;
						ProvisioningStyle = Automatic;
					};
					EE98D27F1EBA49F700D0247A = {
						CreatedOnToolsVersion = 8.3.1;
						ProvisioningStyle = Automatic;
						TestTargetID = EE98D2661EBA49F700D0247A;
					};
					EE98D28A1EBA49F700D0247A = {
						CreatedOnToolsVersion = 8.3.1;
						ProvisioningStyle = Automatic;
						TestTargetID = EE98D2661EBA49F700D0247A;
					};
				};
			};
			buildConfigurationList = EE98D2621EBA49F700D0247A /* Build configuration list for PBXProject "OpenCV" */;
			compatibilityVersion = "Xcode 3.2";
			developmentRegion = English;
			hasScannedForEncodings = 0;
			knownRegions = (
				en,
				Base,
			);
			mainGroup = EE98D25E1EBA49F700D0247A;
			productRefGroup = EE98D2681EBA49F700D0247A /* Products */;
			projectDirPath = "";
			projectRoot = "";
			targets = (
				EE98D2661EBA49F700D0247A /* OpenCV */,
				EE98D27F1EBA49F700D0247A /* OpenCVTests */,
				EE98D28A1EBA49F700D0247A /* OpenCVUITests */,
			);
		};
/* End PBXProject section */

/* Begin PBXResourcesBuildPhase section */
		EE98D2651EBA49F700D0247A /* Resources */ = {
			isa = PBXResourcesBuildPhase;
			buildActionMask = 2147483647;
			files = (
				EE98D27A1EBA49F700D0247A /* LaunchScreen.storyboard in Resources */,
				EE98D2771EBA49F700D0247A /* Assets.xcassets in Resources */,
				EE98D2751EBA49F700D0247A /* Main.storyboard in Resources */,
			);
			runOnlyForDeploymentPostprocessing = 0;
		};
		EE98D27E1EBA49F700D0247A /* Resources */ = {
			isa = PBXResourcesBuildPhase;
			buildActionMask = 2147483647;
			files = (
			);
			runOnlyForDeploymentPostprocessing = 0;
		};
		EE98D2891EBA49F700D0247A /* Resources */ = {
			isa = PBXResourcesBuildPhase;
			buildActionMask = 2147483647;
			files = (
			);
			runOnlyForDeploymentPostprocessing = 0;
		};
/* End PBXResourcesBuildPhase section */

/* Begin PBXSourcesBuildPhase section */
		EE98D2631EBA49F700D0247A /* Sources */ = {
			isa = PBXSourcesBuildPhase;
			buildActionMask = 2147483647;
			files = (
				EE98D2721EBA49F700D0247A /* ViewController.m in Sources */,
				EE98D26F1EBA49F700D0247A /* AppDelegate.m in Sources */,
				EE98D26C1EBA49F700D0247A /* main.m in Sources */,
			);
			runOnlyForDeploymentPostprocessing = 0;
		};
		EE98D27C1EBA49F700D0247A /* Sources */ = {
			isa = PBXSourcesBuildPhase;
			buildActionMask = 2147483647;
			files = (
				EE98D2851EBA49F700D0247A /* OpenCVTests.m in Sources */,
			);
			runOnlyForDeploymentPostprocessing = 0;
		};
		EE98D2871EBA49F700D0247A /* Sources */ = {
			isa = PBXSourcesBuildPhase;
			buildActionMask = 2147483647;
			files = (
				EE98D2901EBA49F700D0247A /* OpenCVUITests.m in Sources */,
			);
			runOnlyForDeploymentPostprocessing = 0;
		};
/* End PBXSourcesBuildPhase section */

/* Begin PBXTargetDependency section */
		EE98D2821EBA49F700D0247A /* PBXTargetDependency */ = {
			isa = PBXTargetDependency;
			target = EE98D2661EBA49F700D0247A /* OpenCV */;
			targetProxy = EE98D2811EBA49F700D0247A /* PBXContainerItemProxy */;
		};
		EE98D28D1EBA49F700D0247A /* PBXTargetDependency */ = {
			isa = PBXTargetDependency;
			target = EE98D2661EBA49F700D0247A /* OpenCV */;
			targetProxy = EE98D28C1EBA49F700D0247A /* PBXContainerItemProxy */;
		};
/* End PBXTargetDependency section */

/* Begin PBXVariantGroup section */
		EE98D2731EBA49F700D0247A /* Main.storyboard */ = {
			isa = PBXVariantGroup;
			children = (
				EE98D2741EBA49F700D0247A /* Base */,
			);
			name = Main.storyboard;
			sourceTree = "<group>";
		};
		EE98D2781EBA49F700D0247A /* LaunchScreen.storyboard */ = {
			isa = PBXVariantGroup;
			children = (
				EE98D2791EBA49F700D0247A /* Base */,
			);
			name = LaunchScreen.storyboard;
			sourceTree = "<group>";
		};
/* End PBXVariantGroup section */

/* Begin XCBuildConfiguration section */
		EE98D2921EBA49F700D0247A /* Debug */ = {
			isa = XCBuildConfiguration;
			buildSettings = {
				ALWAYS_SEARCH_USER_PATHS = NO;
				CLANG_ANALYZER_NONNULL = YES;
				CLANG_ANALYZER_NUMBER_OBJECT_CONVERSION = YES_AGGRESSIVE;
				CLANG_CXX_LANGUAGE_STANDARD = "gnu++0x";
				CLANG_CXX_LIBRARY = "libc++";
				CLANG_ENABLE_MODULES = YES;
				CLANG_ENABLE_OBJC_ARC = YES;
				CLANG_WARN_BOOL_CONVERSION = YES;
				CLANG_WARN_CONSTANT_CONVERSION = YES;
				CLANG_WARN_DIRECT_OBJC_ISA_USAGE = YES_ERROR;
				CLANG_WARN_DOCUMENTATION_COMMENTS = YES;
				CLANG_WARN_EMPTY_BODY = YES;
				CLANG_WARN_ENUM_CONVERSION = YES;
				CLANG_WARN_INFINITE_RECURSION = YES;
				CLANG_WARN_INT_CONVERSION = YES;
				CLANG_WARN_OBJC_ROOT_CLASS = YES_ERROR;
				CLANG_WARN_SUSPICIOUS_MOVE = YES;
				CLANG_WARN_UNREACHABLE_CODE = YES;
				CLANG_WARN__DUPLICATE_METHOD_MATCH = YES;
				"CODE_SIGN_IDENTITY[sdk=iphoneos*]" = "iPhone Developer";
				COPY_PHASE_STRIP = NO;
				DEBUG_INFORMATION_FORMAT = dwarf;
				ENABLE_STRICT_OBJC_MSGSEND = YES;
				ENABLE_TESTABILITY = YES;
				GCC_C_LANGUAGE_STANDARD = gnu99;
				GCC_DYNAMIC_NO_PIC = NO;
				GCC_NO_COMMON_BLOCKS = YES;
				GCC_OPTIMIZATION_LEVEL = 0;
				GCC_PREPROCESSOR_DEFINITIONS = (
					"DEBUG=1",
					"$(inherited)",
				);
				GCC_WARN_64_TO_32_BIT_CONVERSION = YES;
				GCC_WARN_ABOUT_RETURN_TYPE = YES_ERROR;
				GCC_WARN_UNDECLARED_SELECTOR = YES;
				GCC_WARN_UNINITIALIZED_AUTOS = YES_AGGRESSIVE;
				GCC_WARN_UNUSED_FUNCTION = YES;
				GCC_WARN_UNUSED_VARIABLE = YES;
				IPHONEOS_DEPLOYMENT_TARGET = 10.3;
				MTL_ENABLE_DEBUG_INFO = YES;
				ONLY_ACTIVE_ARCH = YES;
				SDKROOT = iphoneos;
				TARGETED_DEVICE_FAMILY = "1,2";
			};
			name = Debug;
		};
		EE98D2931EBA49F700D0247A /* Release */ = {
			isa = XCBuildConfiguration;
			buildSettings = {
				ALWAYS_SEARCH_USER_PATHS = NO;
				CLANG_ANALYZER_NONNULL = YES;
				CLANG_ANALYZER_NUMBER_OBJECT_CONVERSION = YES_AGGRESSIVE;
				CLANG_CXX_LANGUAGE_STANDARD = "gnu++0x";
				CLANG_CXX_LIBRARY = "libc++";
				CLANG_ENABLE_MODULES = YES;
				CLANG_ENABLE_OBJC_ARC = YES;
				CLANG_WARN_BOOL_CONVERSION = YES;
				CLANG_WARN_CONSTANT_CONVERSION = YES;
				CLANG_WARN_DIRECT_OBJC_ISA_USAGE = YES_ERROR;
				CLANG_WARN_DOCUMENTATION_COMMENTS = YES;
				CLANG_WARN_EMPTY_BODY = YES;
				CLANG_WARN_ENUM_CONVERSION = YES;
				CLANG_WARN_INFINITE_RECURSION = YES;
				CLANG_WARN_INT_CONVERSION = YES;
				CLANG_WARN_OBJC_ROOT_CLASS = YES_ERROR;
				CLANG_WARN_SUSPICIOUS_MOVE = YES;
				CLANG_WARN_UNREACHABLE_CODE = YES;
				CLANG_WARN__DUPLICATE_METHOD_MATCH = YES;
				"CODE_SIGN_IDENTITY[sdk=iphoneos*]" = "iPhone Developer";
				COPY_PHASE_STRIP = NO;
				DEBUG_INFORMATION_FORMAT = "dwarf-with-dsym";
				ENABLE_NS_ASSERTIONS = NO;
				ENABLE_STRICT_OBJC_MSGSEND = YES;
				GCC_C_LANGUAGE_STANDARD = gnu99;
				GCC_NO_COMMON_BLOCKS = YES;
				GCC_WARN_64_TO_32_BIT_CONVERSION = YES;
				GCC_WARN_ABOUT_RETURN_TYPE = YES_ERROR;
				GCC_WARN_UNDECLARED_SELECTOR = YES;
				GCC_WARN_UNINITIALIZED_AUTOS = YES_AGGRESSIVE;
				GCC_WARN_UNUSED_FUNCTION = YES;
				GCC_WARN_UNUSED_VARIABLE = YES;
				IPHONEOS_DEPLOYMENT_TARGET = 10.3;
				MTL_ENABLE_DEBUG_INFO = NO;
				SDKROOT = iphoneos;
				TARGETED_DEVICE_FAMILY = "1,2";
				VALIDATE_PRODUCT = YES;
			};
			name = Release;
		};
		EE98D2951EBA49F700D0247A /* Debug */ = {
			isa = XCBuildConfiguration;
			buildSettings = {
				ASSETCATALOG_COMPILER_APPICON_NAME = AppIcon;
				INFOPLIST_FILE = OpenCV/Info.plist;
				LD_RUNPATH_SEARCH_PATHS = "$(inherited) @executable_path/Frameworks";
				PRODUCT_BUNDLE_IDENTIFIER = com.jiang.www.OpenCV;
				PRODUCT_NAME = "$(TARGET_NAME)";
			};
			name = Debug;
		};
		EE98D2961EBA49F700D0247A /* Release */ = {
			isa = XCBuildConfiguration;
			buildSettings = {
				ASSETCATALOG_COMPILER_APPICON_NAME = AppIcon;
				INFOPLIST_FILE = OpenCV/Info.plist;
				LD_RUNPATH_SEARCH_PATHS = "$(inherited) @executable_path/Frameworks";
				PRODUCT_BUNDLE_IDENTIFIER = com.jiang.www.OpenCV;
				PRODUCT_NAME = "$(TARGET_NAME)";
			};
			name = Release;
		};
		EE98D2981EBA49F700D0247A /* Debug */ = {
			isa = XCBuildConfiguration;
			buildSettings = {
				BUNDLE_LOADER = "$(TEST_HOST)";
				INFOPLIST_FILE = OpenCVTests/Info.plist;
				LD_RUNPATH_SEARCH_PATHS = "$(inherited) @executable_path/Frameworks @loader_path/Frameworks";
				PRODUCT_BUNDLE_IDENTIFIER = com.jiang.www.OpenCVTests;
				PRODUCT_NAME = "$(TARGET_NAME)";
				TEST_HOST = "$(BUILT_PRODUCTS_DIR)/OpenCV.app/OpenCV";
			};
			name = Debug;
		};
		EE98D2991EBA49F700D0247A /* Release */ = {
			isa = XCBuildConfiguration;
			buildSettings = {
				BUNDLE_LOADER = "$(TEST_HOST)";
				INFOPLIST_FILE = OpenCVTests/Info.plist;
				LD_RUNPATH_SEARCH_PATHS = "$(inherited) @executable_path/Frameworks @loader_path/Frameworks";
				PRODUCT_BUNDLE_IDENTIFIER = com.jiang.www.OpenCVTests;
				PRODUCT_NAME = "$(TARGET_NAME)";
				TEST_HOST = "$(BUILT_PRODUCTS_DIR)/OpenCV.app/OpenCV";
			};
			name = Release;
		};
		EE98D29B1EBA49F700D0247A /* Debug */ = {
			isa = XCBuildConfiguration;
			buildSettings = {
				INFOPLIST_FILE = OpenCVUITests/Info.plist;
				LD_RUNPATH_SEARCH_PATHS = "$(inherited) @executable_path/Frameworks @loader_path/Frameworks";
				PRODUCT_BUNDLE_IDENTIFIER = com.jiang.www.OpenCVUITests;
				PRODUCT_NAME = "$(TARGET_NAME)";
				TEST_TARGET_NAME = OpenCV;
			};
			name = Debug;
		};
		EE98D29C1EBA49F700D0247A /* Release */ = {
			isa = XCBuildConfiguration;
			buildSettings = {
				INFOPLIST_FILE = OpenCVUITests/Info.plist;
				LD_RUNPATH_SEARCH_PATHS = "$(inherited) @executable_path/Frameworks @loader_path/Frameworks";
				PRODUCT_BUNDLE_IDENTIFIER = com.jiang.www.OpenCVUITests;
				PRODUCT_NAME = "$(TARGET_NAME)";
				TEST_TARGET_NAME = OpenCV;
			};
			name = Release;
		};
/* End XCBuildConfiguration section */

/* Begin XCConfigurationList section */
		EE98D2621EBA49F700D0247A /* Build configuration list for PBXProject "OpenCV" */ = {
			isa = XCConfigurationList;
			buildConfigurations = (
				EE98D2921EBA49F700D0247A /* Debug */,
				EE98D2931EBA49F700D0247A /* Release */,
			);
			defaultConfigurationIsVisible = 0;
			defaultConfigurationName = Release;
		};
		EE98D2941EBA49F700D0247A /* Build configuration list for PBXNativeTarget "OpenCV" */ = {
			isa = XCConfigurationList;
			buildConfigurations = (
				EE98D2951EBA49F700D0247A /* Debug */,
				EE98D2961EBA49F700D0247A /* Release */,
			);
			defaultConfigurationIsVisible = 0;
		};
		EE98D2971EBA49F700D0247A /* Build configuration list for PBXNativeTarget "OpenCVTests" */ = {
			isa = XCConfigurationList;
			buildConfigurations = (
				EE98D2981EBA49F700D0247A /* Debug */,
				EE98D2991EBA49F700D0247A /* Release */,
			);
			defaultConfigurationIsVisible = 0;
		};
		EE98D29A1EBA49F700D0247A /* Build configuration list for PBXNativeTarget "OpenCVUITests" */ = {
			isa = XCConfigurationList;
			buildConfigurations = (
				EE98D29B1EBA49F700D0247A /* Debug */,
				EE98D29C1EBA49F700D0247A /* Release */,
			);
			defaultConfigurationIsVisible = 0;
		};
/* End XCConfigurationList section */
	};
	rootObject = EE98D25F1EBA49F700D0247A /* Project object */;
}
